
Microsoft Visual Studio Solution File, Format Version 12.00
# Visual Studio 15
VisualStudioVersion = 15.0.28307.1778
MinimumVisualStudioVersion = 10.0.40219.1
Project("{2150E333-8FDC-42A3-9474-1A3956D46DE8}") = "FW_CAACOMACPublicFrm", "FW_CAACOMACPublicFrm", "{AC723173-6E0F-496E-804F-1D4897BD4CA8}"
EndProject
Project("{8BC9CEB8-8B4A-11D0-8D11-00A0C91BC942}") = "CAACOMACPublicFrm", "CAACOMACPublicFrm.vcxproj", "{63875DEC-DAF5-41D9-8E52-38C227F3D58A}"
EndProject
Project("{8BC9CEB8-8B4A-11D0-8D11-00A0C91BC942}") = "CAAUtilityMdl.m", "CAACOMACPublicFrm\CAAUtilityMdl.m.vcxproj", "{737C62F2-1D67-4A9E-8A0B-1B07E4746A31}"
EndProject
Project("{2150E333-8FDC-42A3-9474-1A3956D46DE8}") = "FW_CM_CUSAddin", "FW_CM_CUSAddin", "{92F64E8E-F9A2-439C-8C4E-ED7BBA57A190}"
EndProject
Project("{8BC9CEB8-8B4A-11D0-8D11-00A0C91BC942}") = "CM_CUSAddin", "CM_CUSAddin.vcxproj", "{F2048E56-946C-4AAE-9AE6-1F718A8B2E6E}"
EndProject
Project("{8BC9CEB8-8B4A-11D0-8D11-00A0C91BC942}") = "CM_CUSManuEngAddin.m", "CM_CUSAddin\CM_CUSManuEngAddin.m.vcxproj", "{EBBA262E-09EA-4444-9E15-8634A792374E}"
EndProject
Project("{2150E333-8FDC-42A3-9474-1A3956D46DE8}") = "FW_CM_ManuEngServiceFrm", "FW_CM_ManuEngServiceFrm", "{E737F6EA-80C6-46C0-9E38-F5B274FA12A0}"
EndProject
Project("{8BC9CEB8-8B4A-11D0-8D11-00A0C91BC942}") = "CM_ManuEngServiceFrm", "CM_ManuEngServiceFrm.vcxproj", "{C0256BE9-87C8-4FAC-BA24-25203859539A}"
EndProject
Project("{8BC9CEB8-8B4A-11D0-8D11-00A0C91BC942}") = "PlanningStructureService.m", "CM_ManuEngServiceFrm\PlanningStructureService.m.vcxproj", "{6C8F41FF-59F7-4720-9DF0-6F9267F5A87A}"
EndProject
Project("{2150E333-8FDC-42A3-9474-1A3956D46DE8}") = "FW_CM_UnitityService", "FW_CM_UnitityService", "{9A3E01DB-6F3D-4D29-A3BB-38795769FCA8}"
EndProject
Project("{8BC9CEB8-8B4A-11D0-8D11-00A0C91BC942}") = "CM_UnitityService", "CM_UnitityService.vcxproj", "{58575D73-828D-4879-B9C9-FFB7997B8C1C}"
EndProject
Project("{8BC9CEB8-8B4A-11D0-8D11-00A0C91BC942}") = "CUS_UtilFunc.m", "CM_UnitityService\CUS_UtilFunc.m.vcxproj", "{2A0C0143-D643-493B-B7A1-2A8BCA674D05}"
EndProject
Global
	GlobalSection(SolutionConfigurationPlatforms) = preSolution
		Debug|x64 = Debug|x64
		Debug|x86 = Debug|x86
		Release|x64 = Release|x64
		Release|x86 = Release|x86
	EndGlobalSection
	GlobalSection(ProjectConfigurationPlatforms) = postSolution
		{63875DEC-DAF5-41D9-8E52-38C227F3D58A}.Debug|x64.ActiveCfg = Debug|x64
		{63875DEC-DAF5-41D9-8E52-38C227F3D58A}.Debug|x64.Build.0 = Debug|x64
		{63875DEC-DAF5-41D9-8E52-38C227F3D58A}.Debug|x86.ActiveCfg = Debug|Win32
		{63875DEC-DAF5-41D9-8E52-38C227F3D58A}.Debug|x86.Build.0 = Debug|Win32
		{63875DEC-DAF5-41D9-8E52-38C227F3D58A}.Release|x64.ActiveCfg = Release|x64
		{63875DEC-DAF5-41D9-8E52-38C227F3D58A}.Release|x64.Build.0 = Release|x64
		{63875DEC-DAF5-41D9-8E52-38C227F3D58A}.Release|x86.ActiveCfg = Release|Win32
		{63875DEC-DAF5-41D9-8E52-38C227F3D58A}.Release|x86.Build.0 = Release|Win32
		{737C62F2-1D67-4A9E-8A0B-1B07E4746A31}.Debug|x64.ActiveCfg = Debug|x64
		{737C62F2-1D67-4A9E-8A0B-1B07E4746A31}.Debug|x64.Build.0 = Debug|x64
		{737C62F2-1D67-4A9E-8A0B-1B07E4746A31}.Debug|x86.ActiveCfg = Debug|Win32
		{737C62F2-1D67-4A9E-8A0B-1B07E4746A31}.Debug|x86.Build.0 = Debug|Win32
		{737C62F2-1D67-4A9E-8A0B-1B07E4746A31}.Release|x64.ActiveCfg = Release|x64
		{737C62F2-1D67-4A9E-8A0B-1B07E4746A31}.Release|x64.Build.0 = Release|x64
		{737C62F2-1D67-4A9E-8A0B-1B07E4746A31}.Release|x86.ActiveCfg = Release|Win32
		{737C62F2-1D67-4A9E-8A0B-1B07E4746A31}.Release|x86.Build.0 = Release|Win32
		{F2048E56-946C-4AAE-9AE6-1F718A8B2E6E}.Debug|x64.ActiveCfg = Debug|x64
		{F2048E56-946C-4AAE-9AE6-1F718A8B2E6E}.Debug|x64.Build.0 = Debug|x64
		{F2048E56-946C-4AAE-9AE6-1F718A8B2E6E}.Debug|x86.ActiveCfg = Debug|Win32
		{F2048E56-946C-4AAE-9AE6-1F718A8B2E6E}.Debug|x86.Build.0 = Debug|Win32
		{F2048E56-946C-4AAE-9AE6-1F718A8B2E6E}.Release|x64.ActiveCfg = Release|x64
		{F2048E56-946C-4AAE-9AE6-1F718A8B2E6E}.Release|x64.Build.0 = Release|x64
		{F2048E56-946C-4AAE-9AE6-1F718A8B2E6E}.Release|x86.ActiveCfg = Release|Win32
		{F2048E56-946C-4AAE-9AE6-1F718A8B2E6E}.Release|x86.Build.0 = Release|Win32
		{EBBA262E-09EA-4444-9E15-8634A792374E}.Debug|x64.ActiveCfg = Debug|x64
		{EBBA262E-09EA-4444-9E15-8634A792374E}.Debug|x64.Build.0 = Debug|x64
		{EBBA262E-09EA-4444-9E15-8634A792374E}.Debug|x86.ActiveCfg = Debug|Win32
		{EBBA262E-09EA-4444-9E15-8634A792374E}.Debug|x86.Build.0 = Debug|Win32
		{EBBA262E-09EA-4444-9E15-8634A792374E}.Release|x64.ActiveCfg = Release|x64
		{EBBA262E-09EA-4444-9E15-8634A792374E}.Release|x64.Build.0 = Release|x64
		{EBBA262E-09EA-4444-9E15-8634A792374E}.Release|x86.ActiveCfg = Release|Win32
		{EBBA262E-09EA-4444-9E15-8634A792374E}.Release|x86.Build.0 = Release|Win32
		{C0256BE9-87C8-4FAC-BA24-25203859539A}.Debug|x64.ActiveCfg = Debug|x64
		{C0256BE9-87C8-4FAC-BA24-25203859539A}.Debug|x64.Build.0 = Debug|x64
		{C0256BE9-87C8-4FAC-BA24-25203859539A}.Debug|x86.ActiveCfg = Debug|Win32
		{C0256BE9-87C8-4FAC-BA24-25203859539A}.Debug|x86.Build.0 = Debug|Win32
		{C0256BE9-87C8-4FAC-BA24-25203859539A}.Release|x64.ActiveCfg = Release|x64
		{C0256BE9-87C8-4FAC-BA24-25203859539A}.Release|x64.Build.0 = Release|x64
		{C0256BE9-87C8-4FAC-BA24-25203859539A}.Release|x86.ActiveCfg = Release|Win32
		{C0256BE9-87C8-4FAC-BA24-25203859539A}.Release|x86.Build.0 = Release|Win32
		{6C8F41FF-59F7-4720-9DF0-6F9267F5A87A}.Debug|x64.ActiveCfg = Debug|x64
		{6C8F41FF-59F7-4720-9DF0-6F9267F5A87A}.Debug|x64.Build.0 = Debug|x64
		{6C8F41FF-59F7-4720-9DF0-6F9267F5A87A}.Debug|x86.ActiveCfg = Debug|Win32
		{6C8F41FF-59F7-4720-9DF0-6F9267F5A87A}.Debug|x86.Build.0 = Debug|Win32
		{6C8F41FF-59F7-4720-9DF0-6F9267F5A87A}.Release|x64.ActiveCfg = Release|x64
		{6C8F41FF-59F7-4720-9DF0-6F9267F5A87A}.Release|x64.Build.0 = Release|x64
		{6C8F41FF-59F7-4720-9DF0-6F9267F5A87A}.Release|x86.ActiveCfg = Release|Win32
		{6C8F41FF-59F7-4720-9DF0-6F9267F5A87A}.Release|x86.Build.0 = Release|Win32
		{58575D73-828D-4879-B9C9-FFB7997B8C1C}.Debug|x64.ActiveCfg = Debug|x64
		{58575D73-828D-4879-B9C9-FFB7997B8C1C}.Debug|x64.Build.0 = Debug|x64
		{58575D73-828D-4879-B9C9-FFB7997B8C1C}.Debug|x86.ActiveCfg = Debug|Win32
		{58575D73-828D-4879-B9C9-FFB7997B8C1C}.Debug|x86.Build.0 = Debug|Win32
		{58575D73-828D-4879-B9C9-FFB7997B8C1C}.Release|x64.ActiveCfg = Release|x64
		{58575D73-828D-4879-B9C9-FFB7997B8C1C}.Release|x64.Build.0 = Release|x64
		{58575D73-828D-4879-B9C9-FFB7997B8C1C}.Release|x86.ActiveCfg = Release|Win32
		{58575D73-828D-4879-B9C9-FFB7997B8C1C}.Release|x86.Build.0 = Release|Win32
		{2A0C0143-D643-493B-B7A1-2A8BCA674D05}.Debug|x64.ActiveCfg = Debug|x64
		{2A0C0143-D643-493B-B7A1-2A8BCA674D05}.Debug|x64.Build.0 = Debug|x64
		{2A0C0143-D643-493B-B7A1-2A8BCA674D05}.Debug|x86.ActiveCfg = Debug|Win32
		{2A0C0143-D643-493B-B7A1-2A8BCA674D05}.Debug|x86.Build.0 = Debug|Win32
		{2A0C0143-D643-493B-B7A1-2A8BCA674D05}.Release|x64.ActiveCfg = Release|x64
		{2A0C0143-D643-493B-B7A1-2A8BCA674D05}.Release|x64.Build.0 = Release|x64
		{2A0C0143-D643-493B-B7A1-2A8BCA674D05}.Release|x86.ActiveCfg = Release|Win32
		{2A0C0143-D643-493B-B7A1-2A8BCA674D05}.Release|x86.Build.0 = Release|Win32
	EndGlobalSection
	GlobalSection(SolutionProperties) = preSolution
		HideSolutionNode = FALSE
	EndGlobalSection
	GlobalSection(NestedProjects) = preSolution
		{63875DEC-DAF5-41D9-8E52-38C227F3D58A} = {AC723173-6E0F-496E-804F-1D4897BD4CA8}
		{737C62F2-1D67-4A9E-8A0B-1B07E4746A31} = {AC723173-6E0F-496E-804F-1D4897BD4CA8}
		{F2048E56-946C-4AAE-9AE6-1F718A8B2E6E} = {92F64E8E-F9A2-439C-8C4E-ED7BBA57A190}
		{EBBA262E-09EA-4444-9E15-8634A792374E} = {92F64E8E-F9A2-439C-8C4E-ED7BBA57A190}
		{C0256BE9-87C8-4FAC-BA24-25203859539A} = {E737F6EA-80C6-46C0-9E38-F5B274FA12A0}
		{6C8F41FF-59F7-4720-9DF0-6F9267F5A87A} = {E737F6EA-80C6-46C0-9E38-F5B274FA12A0}
		{58575D73-828D-4879-B9C9-FFB7997B8C1C} = {9A3E01DB-6F3D-4D29-A3BB-38795769FCA8}
		{2A0C0143-D643-493B-B7A1-2A8BCA674D05} = {9A3E01DB-6F3D-4D29-A3BB-38795769FCA8}
	EndGlobalSection
	GlobalSection(ExtensibilityGlobals) = postSolution
		SolutionGuid = {B38AB7C4-C48F-4071-9650-EAF969860962}
	EndGlobalSection
EndGlobal
